
Microsoft Visual Studio Solution File, Format Version 12.00
# Visual Studio Version 17
VisualStudioVersion = 17.0.31903.59
MinimumVisualStudioVersion = 10.0.40219.1
Project("{2150E333-8FDC-42A3-9474-1A3956D46DE8}") = "src", "src", "{8011DCA8-E148-44CD-BC26-93A912FF6FC6}"
EndProject
Project("{FAE04EC0-301F-11D3-BF4B-00C04F79EFBC}") = "WebApi", "src\WebApi\WebApi.csproj", "{B70DF178-DEA4-4DD1-9DD6-8E2F3AA6BBE3}"
EndProject
Project("{2150E333-8FDC-42A3-9474-1A3956D46DE8}") = "test", "test", "{7A09EBB9-30DC-4D07-BD0B-3D2E8E931FF4}"
EndProject
Project("{FAE04EC0-301F-11D3-BF4B-00C04F79EFBC}") = "WebApiTests", "test\WebApiTests\WebApiTests.csproj", "{9016ED63-16E9-4A2A-A424-762AAD2978C1}"
EndProject
Global
	GlobalSection(SolutionConfigurationPlatforms) = preSolution
		Debug|Any CPU = Debug|Any CPU
		Release|Any CPU = Release|Any CPU
	EndGlobalSection
	GlobalSection(SolutionProperties) = preSolution
		HideSolutionNode = FALSE
	EndGlobalSection
	GlobalSection(ProjectConfigurationPlatforms) = postSolution
		{B70DF178-DEA4-4DD1-9DD6-8E2F3AA6BBE3}.Debug|Any CPU.ActiveCfg = Debug|Any CPU
		{B70DF178-DEA4-4DD1-9DD6-8E2F3AA6BBE3}.Debug|Any CPU.Build.0 = Debug|Any CPU
		{B70DF178-DEA4-4DD1-9DD6-8E2F3AA6BBE3}.Release|Any CPU.ActiveCfg = Release|Any CPU
		{B70DF178-DEA4-4DD1-9DD6-8E2F3AA6BBE3}.Release|Any CPU.Build.0 = Release|Any CPU
		{9016ED63-16E9-4A2A-A424-762AAD2978C1}.Debug|Any CPU.ActiveCfg = Debug|Any CPU
		{9016ED63-16E9-4A2A-A424-762AAD2978C1}.Debug|Any CPU.Build.0 = Debug|Any CPU
		{9016ED63-16E9-4A2A-A424-762AAD2978C1}.Release|Any CPU.ActiveCfg = Release|Any CPU
		{9016ED63-16E9-4A2A-A424-762AAD2978C1}.Release|Any CPU.Build.0 = Release|Any CPU
	EndGlobalSection
	GlobalSection(NestedProjects) = preSolution
		{B70DF178-DEA4-4DD1-9DD6-8E2F3AA6BBE3} = {8011DCA8-E148-44CD-BC26-93A912FF6FC6}
		{9016ED63-16E9-4A2A-A424-762AAD2978C1} = {7A09EBB9-30DC-4D07-BD0B-3D2E8E931FF4}
	EndGlobalSection
EndGlobal
